// !$*UTF8*$!
{
	archiveVersion = 1;
	classes = {
	};
	objectVersion = 51;
	objects = {

/* Begin PBXBuildFile section */
		418B5414538E593EC3FC6068 /* Pods_BookCritTests.framework in Frameworks */ = {isa = PBXBuildFile; fileRef = 3302B979EA33D04A8E8D7013 /* Pods_BookCritTests.framework */; };
		84543FDC24169C6800A79018 /* AppDelegate.swift in Sources */ = {isa = PBXBuildFile; fileRef = 84543FDB24169C6800A79018 /* AppDelegate.swift */; };
		84543FDE24169C6800A79018 /* SceneDelegate.swift in Sources */ = {isa = PBXBuildFile; fileRef = 84543FDD24169C6800A79018 /* SceneDelegate.swift */; };
		84543FE324169C6800A79018 /* Main.storyboard in Resources */ = {isa = PBXBuildFile; fileRef = 84543FE124169C6800A79018 /* Main.storyboard */; };
		84543FE524169C6A00A79018 /* Assets.xcassets in Resources */ = {isa = PBXBuildFile; fileRef = 84543FE424169C6A00A79018 /* Assets.xcassets */; };
		84543FE824169C6A00A79018 /* LaunchScreen.storyboard in Resources */ = {isa = PBXBuildFile; fileRef = 84543FE624169C6A00A79018 /* LaunchScreen.storyboard */; };
		84543FFE24169C6A00A79018 /* AuthenticationUITests.swift in Sources */ = {isa = PBXBuildFile; fileRef = 84543FFD24169C6A00A79018 /* AuthenticationUITests.swift */; };
		8454400C2416A35300A79018 /* GoogleService-Info.plist in Resources */ = {isa = PBXBuildFile; fileRef = 8454400B2416A35300A79018 /* GoogleService-Info.plist */; };
		845440132416A5E500A79018 /* Event.swift in Sources */ = {isa = PBXBuildFile; fileRef = 845440102416A5E500A79018 /* Event.swift */; };
		845440142416A5E500A79018 /* ACFloatingTextField.swift in Sources */ = {isa = PBXBuildFile; fileRef = 845440112416A5E500A79018 /* ACFloatingTextField.swift */; };
		845440152416A5E500A79018 /* EventBus.swift in Sources */ = {isa = PBXBuildFile; fileRef = 845440122416A5E500A79018 /* EventBus.swift */; };
		845440282416DC6C00A79018 /* AuthRouter.swift in Sources */ = {isa = PBXBuildFile; fileRef = 8454401A2416DC6C00A79018 /* AuthRouter.swift */; };
		845440292416DC6C00A79018 /* AuthContract.swift in Sources */ = {isa = PBXBuildFile; fileRef = 8454401C2416DC6C00A79018 /* AuthContract.swift */; };
		8454402A2416DC6C00A79018 /* AuthPresenter.swift in Sources */ = {isa = PBXBuildFile; fileRef = 8454401E2416DC6C00A79018 /* AuthPresenter.swift */; };
		8454402B2416DC6C00A79018 /* Auth.storyboard in Resources */ = {isa = PBXBuildFile; fileRef = 845440202416DC6C00A79018 /* Auth.storyboard */; };
		8454402C2416DC6C00A79018 /* ForgotPassController.swift in Sources */ = {isa = PBXBuildFile; fileRef = 845440232416DC6C00A79018 /* ForgotPassController.swift */; };
		8454402D2416DC6C00A79018 /* LoginController.swift in Sources */ = {isa = PBXBuildFile; fileRef = 845440242416DC6C00A79018 /* LoginController.swift */; };
		8454402E2416DC6C00A79018 /* RegisterController.swift in Sources */ = {isa = PBXBuildFile; fileRef = 845440252416DC6C00A79018 /* RegisterController.swift */; };
		8454402F2416DC6C00A79018 /* AuthInteractor.swift in Sources */ = {isa = PBXBuildFile; fileRef = 845440272416DC6C00A79018 /* AuthInteractor.swift */; };
		845440392416EAE600A79018 /* UIDevice+Extension.swift in Sources */ = {isa = PBXBuildFile; fileRef = 845440312416EAE600A79018 /* UIDevice+Extension.swift */; };
		8454403A2416EAE600A79018 /* StringExtensions.swift in Sources */ = {isa = PBXBuildFile; fileRef = 845440322416EAE600A79018 /* StringExtensions.swift */; };
		8454403C2416EAE600A79018 /* UIViewControllerExtensions.swift in Sources */ = {isa = PBXBuildFile; fileRef = 845440342416EAE600A79018 /* UIViewControllerExtensions.swift */; };
		8454403D2416EAE600A79018 /* UIViewExtensions.swift in Sources */ = {isa = PBXBuildFile; fileRef = 845440352416EAE600A79018 /* UIViewExtensions.swift */; };
		8454403E2416EAE600A79018 /* UserDefaultExtensions.swift in Sources */ = {isa = PBXBuildFile; fileRef = 845440362416EAE600A79018 /* UserDefaultExtensions.swift */; };
		8454403F2416EAE600A79018 /* UIColorExtensions.swift in Sources */ = {isa = PBXBuildFile; fileRef = 845440372416EAE600A79018 /* UIColorExtensions.swift */; };
		845440402416EAE600A79018 /* AppStoryboards.swift in Sources */ = {isa = PBXBuildFile; fileRef = 845440382416EAE600A79018 /* AppStoryboards.swift */; };
		845440422416F5E000A79018 /* AuthenticationErrorTests.swift in Sources */ = {isa = PBXBuildFile; fileRef = 845440412416F5E000A79018 /* AuthenticationErrorTests.swift */; };
		8454404C2416FC0000A79018 /* FirebaseService.swift in Sources */ = {isa = PBXBuildFile; fileRef = 8454404B2416FC0000A79018 /* FirebaseService.swift */; };
		845440512417049D00A79018 /* FirebaseServiceStub.swift in Sources */ = {isa = PBXBuildFile; fileRef = 845440502417049D00A79018 /* FirebaseServiceStub.swift */; };
		8462DF4C2417A1CD009258A9 /* ForgotPasswordTests.swift in Sources */ = {isa = PBXBuildFile; fileRef = 8462DF4B2417A1CD009258A9 /* ForgotPasswordTests.swift */; };
		8485B3C0241727C200BEC6FA /* LoginControllerTests.swift in Sources */ = {isa = PBXBuildFile; fileRef = 8485B3BF241727C200BEC6FA /* LoginControllerTests.swift */; };
		8485B3C22417318000BEC6FA /* RegisterControllerTests.swift in Sources */ = {isa = PBXBuildFile; fileRef = 8485B3C12417318000BEC6FA /* RegisterControllerTests.swift */; };
		84AC109E2535EFFE004BCDF2 /* BaseNetworkManager.swift in Sources */ = {isa = PBXBuildFile; fileRef = 84AC109D2535EFFE004BCDF2 /* BaseNetworkManager.swift */; };
		84AC10FA2535F532004BCDF2 /* GoogleBooksRouter.swift in Sources */ = {isa = PBXBuildFile; fileRef = 84AC10F92535F532004BCDF2 /* GoogleBooksRouter.swift */; };
		84AC10FF2535F54E004BCDF2 /* GoogleBooksAPIManager.swift in Sources */ = {isa = PBXBuildFile; fileRef = 84AC10FE2535F54E004BCDF2 /* GoogleBooksAPIManager.swift */; };
		84AC11052535F5EB004BCDF2 /* RequestModels.swift in Sources */ = {isa = PBXBuildFile; fileRef = 84AC11042535F5EB004BCDF2 /* RequestModels.swift */; };
		84AC110D2535F5F7004BCDF2 /* ResponseModels.swift in Sources */ = {isa = PBXBuildFile; fileRef = 84AC110C2535F5F7004BCDF2 /* ResponseModels.swift */; };
		89032638A7157EE0D39BCABA /* Pods_BookCrit.framework in Frameworks */ = {isa = PBXBuildFile; fileRef = 6B85C4AF7D94DB016A430F19 /* Pods_BookCrit.framework */; };
/* End PBXBuildFile section */

/* Begin PBXContainerItemProxy section */
		84543FEF24169C6A00A79018 /* PBXContainerItemProxy */ = {
			isa = PBXContainerItemProxy;
			containerPortal = 84543FD024169C6800A79018 /* Project object */;
			proxyType = 1;
			remoteGlobalIDString = 84543FD724169C6800A79018;
			remoteInfo = BookCrit;
		};
		84543FFA24169C6A00A79018 /* PBXContainerItemProxy */ = {
			isa = PBXContainerItemProxy;
			containerPortal = 84543FD024169C6800A79018 /* Project object */;
			proxyType = 1;
			remoteGlobalIDString = 84543FD724169C6800A79018;
			remoteInfo = BookCrit;
		};
/* End PBXContainerItemProxy section */

/* Begin PBXFileReference section */
		184BDD79D9A1A0BACD135A0B /* Pods-BookCritTests.release.xcconfig */ = {isa = PBXFileReference; includeInIndex = 1; lastKnownFileType = text.xcconfig; name = "Pods-BookCritTests.release.xcconfig"; path = "Target Support Files/Pods-BookCritTests/Pods-BookCritTests.release.xcconfig"; sourceTree = "<group>"; };
		1C60ABEF6AFCCB3ABF397286 /* Pods-BookCrit.release.xcconfig */ = {isa = PBXFileReference; includeInIndex = 1; lastKnownFileType = text.xcconfig; name = "Pods-BookCrit.release.xcconfig"; path = "Target Support Files/Pods-BookCrit/Pods-BookCrit.release.xcconfig"; sourceTree = "<group>"; };
		282DCAF81E88E355595049BE /* Pods-BookCritTests.debug.xcconfig */ = {isa = PBXFileReference; includeInIndex = 1; lastKnownFileType = text.xcconfig; name = "Pods-BookCritTests.debug.xcconfig"; path = "Target Support Files/Pods-BookCritTests/Pods-BookCritTests.debug.xcconfig"; sourceTree = "<group>"; };
		3302B979EA33D04A8E8D7013 /* Pods_BookCritTests.framework */ = {isa = PBXFileReference; explicitFileType = wrapper.framework; includeInIndex = 0; path = Pods_BookCritTests.framework; sourceTree = BUILT_PRODUCTS_DIR; };
		6B85C4AF7D94DB016A430F19 /* Pods_BookCrit.framework */ = {isa = PBXFileReference; explicitFileType = wrapper.framework; includeInIndex = 0; path = Pods_BookCrit.framework; sourceTree = BUILT_PRODUCTS_DIR; };
		84543FD824169C6800A79018 /* BookCrit.app */ = {isa = PBXFileReference; explicitFileType = wrapper.application; includeInIndex = 0; path = BookCrit.app; sourceTree = BUILT_PRODUCTS_DIR; };
		84543FDB24169C6800A79018 /* AppDelegate.swift */ = {isa = PBXFileReference; lastKnownFileType = sourcecode.swift; path = AppDelegate.swift; sourceTree = "<group>"; };
		84543FDD24169C6800A79018 /* SceneDelegate.swift */ = {isa = PBXFileReference; lastKnownFileType = sourcecode.swift; path = SceneDelegate.swift; sourceTree = "<group>"; };
		84543FE224169C6800A79018 /* Base */ = {isa = PBXFileReference; lastKnownFileType = file.storyboard; name = Base; path = Base.lproj/Main.storyboard; sourceTree = "<group>"; };
		84543FE424169C6A00A79018 /* Assets.xcassets */ = {isa = PBXFileReference; lastKnownFileType = folder.assetcatalog; path = Assets.xcassets; sourceTree = "<group>"; };
		84543FE724169C6A00A79018 /* Base */ = {isa = PBXFileReference; lastKnownFileType = file.storyboard; name = Base; path = Base.lproj/LaunchScreen.storyboard; sourceTree = "<group>"; };
		84543FE924169C6A00A79018 /* Info.plist */ = {isa = PBXFileReference; lastKnownFileType = text.plist.xml; path = Info.plist; sourceTree = "<group>"; };
		84543FEE24169C6A00A79018 /* BookCritTests.xctest */ = {isa = PBXFileReference; explicitFileType = wrapper.cfbundle; includeInIndex = 0; path = BookCritTests.xctest; sourceTree = BUILT_PRODUCTS_DIR; };
		84543FF424169C6A00A79018 /* Info.plist */ = {isa = PBXFileReference; lastKnownFileType = text.plist.xml; path = Info.plist; sourceTree = "<group>"; };
		84543FF924169C6A00A79018 /* BookCritUITests.xctest */ = {isa = PBXFileReference; explicitFileType = wrapper.cfbundle; includeInIndex = 0; path = BookCritUITests.xctest; sourceTree = BUILT_PRODUCTS_DIR; };
		84543FFD24169C6A00A79018 /* AuthenticationUITests.swift */ = {isa = PBXFileReference; lastKnownFileType = sourcecode.swift; path = AuthenticationUITests.swift; sourceTree = "<group>"; };
		84543FFF24169C6A00A79018 /* Info.plist */ = {isa = PBXFileReference; lastKnownFileType = text.plist.xml; path = Info.plist; sourceTree = "<group>"; };
		8454400B2416A35300A79018 /* GoogleService-Info.plist */ = {isa = PBXFileReference; fileEncoding = 4; lastKnownFileType = text.plist.xml; path = "GoogleService-Info.plist"; sourceTree = "<group>"; };
		845440102416A5E500A79018 /* Event.swift */ = {isa = PBXFileReference; fileEncoding = 4; lastKnownFileType = sourcecode.swift; path = Event.swift; sourceTree = "<group>"; };
		845440112416A5E500A79018 /* ACFloatingTextField.swift */ = {isa = PBXFileReference; fileEncoding = 4; lastKnownFileType = sourcecode.swift; path = ACFloatingTextField.swift; sourceTree = "<group>"; };
		845440122416A5E500A79018 /* EventBus.swift */ = {isa = PBXFileReference; fileEncoding = 4; lastKnownFileType = sourcecode.swift; path = EventBus.swift; sourceTree = "<group>"; };
		8454401A2416DC6C00A79018 /* AuthRouter.swift */ = {isa = PBXFileReference; fileEncoding = 4; lastKnownFileType = sourcecode.swift; path = AuthRouter.swift; sourceTree = "<group>"; };
		8454401C2416DC6C00A79018 /* AuthContract.swift */ = {isa = PBXFileReference; fileEncoding = 4; lastKnownFileType = sourcecode.swift; path = AuthContract.swift; sourceTree = "<group>"; };
		8454401E2416DC6C00A79018 /* AuthPresenter.swift */ = {isa = PBXFileReference; fileEncoding = 4; lastKnownFileType = sourcecode.swift; path = AuthPresenter.swift; sourceTree = "<group>"; };
		845440212416DC6C00A79018 /* Base */ = {isa = PBXFileReference; lastKnownFileType = file.storyboard; name = Base; path = Base.lproj/Auth.storyboard; sourceTree = "<group>"; };
		845440232416DC6C00A79018 /* ForgotPassController.swift */ = {isa = PBXFileReference; fileEncoding = 4; lastKnownFileType = sourcecode.swift; path = ForgotPassController.swift; sourceTree = "<group>"; };
		845440242416DC6C00A79018 /* LoginController.swift */ = {isa = PBXFileReference; fileEncoding = 4; lastKnownFileType = sourcecode.swift; path = LoginController.swift; sourceTree = "<group>"; };
		845440252416DC6C00A79018 /* RegisterController.swift */ = {isa = PBXFileReference; fileEncoding = 4; lastKnownFileType = sourcecode.swift; path = RegisterController.swift; sourceTree = "<group>"; };
		845440272416DC6C00A79018 /* AuthInteractor.swift */ = {isa = PBXFileReference; fileEncoding = 4; lastKnownFileType = sourcecode.swift; path = AuthInteractor.swift; sourceTree = "<group>"; };
		845440312416EAE600A79018 /* UIDevice+Extension.swift */ = {isa = PBXFileReference; fileEncoding = 4; lastKnownFileType = sourcecode.swift; path = "UIDevice+Extension.swift"; sourceTree = "<group>"; };
		845440322416EAE600A79018 /* StringExtensions.swift */ = {isa = PBXFileReference; fileEncoding = 4; lastKnownFileType = sourcecode.swift; path = StringExtensions.swift; sourceTree = "<group>"; };
		845440342416EAE600A79018 /* UIViewControllerExtensions.swift */ = {isa = PBXFileReference; fileEncoding = 4; lastKnownFileType = sourcecode.swift; path = UIViewControllerExtensions.swift; sourceTree = "<group>"; };
		845440352416EAE600A79018 /* UIViewExtensions.swift */ = {isa = PBXFileReference; fileEncoding = 4; lastKnownFileType = sourcecode.swift; path = UIViewExtensions.swift; sourceTree = "<group>"; };
		845440362416EAE600A79018 /* UserDefaultExtensions.swift */ = {isa = PBXFileReference; fileEncoding = 4; lastKnownFileType = sourcecode.swift; path = UserDefaultExtensions.swift; sourceTree = "<group>"; };
		845440372416EAE600A79018 /* UIColorExtensions.swift */ = {isa = PBXFileReference; fileEncoding = 4; lastKnownFileType = sourcecode.swift; path = UIColorExtensions.swift; sourceTree = "<group>"; };
		845440382416EAE600A79018 /* AppStoryboards.swift */ = {isa = PBXFileReference; fileEncoding = 4; lastKnownFileType = sourcecode.swift; path = AppStoryboards.swift; sourceTree = "<group>"; };
		845440412416F5E000A79018 /* AuthenticationErrorTests.swift */ = {isa = PBXFileReference; lastKnownFileType = sourcecode.swift; path = AuthenticationErrorTests.swift; sourceTree = "<group>"; };
		8454404B2416FC0000A79018 /* FirebaseService.swift */ = {isa = PBXFileReference; lastKnownFileType = sourcecode.swift; path = FirebaseService.swift; sourceTree = "<group>"; };
		845440502417049D00A79018 /* FirebaseServiceStub.swift */ = {isa = PBXFileReference; lastKnownFileType = sourcecode.swift; path = FirebaseServiceStub.swift; sourceTree = "<group>"; };
		8454405224170E2E00A79018 /* BookCrit.entitlements */ = {isa = PBXFileReference; lastKnownFileType = text.plist.entitlements; path = BookCrit.entitlements; sourceTree = "<group>"; };
		8462DF4B2417A1CD009258A9 /* ForgotPasswordTests.swift */ = {isa = PBXFileReference; fileEncoding = 4; lastKnownFileType = sourcecode.swift; path = ForgotPasswordTests.swift; sourceTree = "<group>"; };
		8485B3BF241727C200BEC6FA /* LoginControllerTests.swift */ = {isa = PBXFileReference; lastKnownFileType = sourcecode.swift; path = LoginControllerTests.swift; sourceTree = "<group>"; };
		8485B3C12417318000BEC6FA /* RegisterControllerTests.swift */ = {isa = PBXFileReference; fileEncoding = 4; lastKnownFileType = sourcecode.swift; path = RegisterControllerTests.swift; sourceTree = "<group>"; };
		84AC109D2535EFFE004BCDF2 /* BaseNetworkManager.swift */ = {isa = PBXFileReference; lastKnownFileType = sourcecode.swift; path = BaseNetworkManager.swift; sourceTree = "<group>"; };
		84AC10F92535F532004BCDF2 /* GoogleBooksRouter.swift */ = {isa = PBXFileReference; lastKnownFileType = sourcecode.swift; path = GoogleBooksRouter.swift; sourceTree = "<group>"; };
		84AC10FE2535F54E004BCDF2 /* GoogleBooksAPIManager.swift */ = {isa = PBXFileReference; lastKnownFileType = sourcecode.swift; path = GoogleBooksAPIManager.swift; sourceTree = "<group>"; };
		84AC11042535F5EB004BCDF2 /* RequestModels.swift */ = {isa = PBXFileReference; lastKnownFileType = sourcecode.swift; path = RequestModels.swift; sourceTree = "<group>"; };
		84AC110C2535F5F7004BCDF2 /* ResponseModels.swift */ = {isa = PBXFileReference; lastKnownFileType = sourcecode.swift; path = ResponseModels.swift; sourceTree = "<group>"; };
		F84AFA977D1BC8AC1A29BA84 /* Pods-BookCrit.debug.xcconfig */ = {isa = PBXFileReference; includeInIndex = 1; lastKnownFileType = text.xcconfig; name = "Pods-BookCrit.debug.xcconfig"; path = "Target Support Files/Pods-BookCrit/Pods-BookCrit.debug.xcconfig"; sourceTree = "<group>"; };
/* End PBXFileReference section */

/* Begin PBXFrameworksBuildPhase section */
		84543FD524169C6800A79018 /* Frameworks */ = {
			isa = PBXFrameworksBuildPhase;
			buildActionMask = 2147483647;
			files = (
				89032638A7157EE0D39BCABA /* Pods_BookCrit.framework in Frameworks */,
			);
			runOnlyForDeploymentPostprocessing = 0;
		};
		84543FEB24169C6A00A79018 /* Frameworks */ = {
			isa = PBXFrameworksBuildPhase;
			buildActionMask = 2147483647;
			files = (
				418B5414538E593EC3FC6068 /* Pods_BookCritTests.framework in Frameworks */,
			);
			runOnlyForDeploymentPostprocessing = 0;
		};
		84543FF624169C6A00A79018 /* Frameworks */ = {
			isa = PBXFrameworksBuildPhase;
			buildActionMask = 2147483647;
			files = (
			);
			runOnlyForDeploymentPostprocessing = 0;
		};
/* End PBXFrameworksBuildPhase section */

/* Begin PBXGroup section */
		2AA43343F324F09C3A25F5D1 /* Pods */ = {
			isa = PBXGroup;
			children = (
				F84AFA977D1BC8AC1A29BA84 /* Pods-BookCrit.debug.xcconfig */,
				1C60ABEF6AFCCB3ABF397286 /* Pods-BookCrit.release.xcconfig */,
				282DCAF81E88E355595049BE /* Pods-BookCritTests.debug.xcconfig */,
				184BDD79D9A1A0BACD135A0B /* Pods-BookCritTests.release.xcconfig */,
			);
			path = Pods;
			sourceTree = "<group>";
		};
		84543FCF24169C6800A79018 = {
			isa = PBXGroup;
			children = (
				84543FDA24169C6800A79018 /* BookCrit */,
				84543FF124169C6A00A79018 /* BookCritTests */,
				84543FFC24169C6A00A79018 /* BookCritUITests */,
				84543FD924169C6800A79018 /* Products */,
				2AA43343F324F09C3A25F5D1 /* Pods */,
				A2A23ED112BC937710726FBF /* Frameworks */,
			);
			sourceTree = "<group>";
		};
		84543FD924169C6800A79018 /* Products */ = {
			isa = PBXGroup;
			children = (
				84543FD824169C6800A79018 /* BookCrit.app */,
				84543FEE24169C6A00A79018 /* BookCritTests.xctest */,
				84543FF924169C6A00A79018 /* BookCritUITests.xctest */,
			);
			name = Products;
			sourceTree = "<group>";
		};
		84543FDA24169C6800A79018 /* BookCrit */ = {
			isa = PBXGroup;
			children = (
				84AC11032535F5D0004BCDF2 /* Model */,
				84AC10982535EE3C004BCDF2 /* DataManager */,
				845440172416DC6C00A79018 /* Modules */,
				8454400F2416A5E500A79018 /* Utilities */,
				8454400B2416A35300A79018 /* GoogleService-Info.plist */,
				84543FDB24169C6800A79018 /* AppDelegate.swift */,
				84543FDD24169C6800A79018 /* SceneDelegate.swift */,
				84543FE124169C6800A79018 /* Main.storyboard */,
				84543FE424169C6A00A79018 /* Assets.xcassets */,
				84543FE624169C6A00A79018 /* LaunchScreen.storyboard */,
				84543FE924169C6A00A79018 /* Info.plist */,
				8454404B2416FC0000A79018 /* FirebaseService.swift */,
				8454405224170E2E00A79018 /* BookCrit.entitlements */,
			);
			path = BookCrit;
			sourceTree = "<group>";
		};
		84543FF124169C6A00A79018 /* BookCritTests */ = {
			isa = PBXGroup;
			children = (
				8454404F2417048B00A79018 /* Authentication */,
				84543FF424169C6A00A79018 /* Info.plist */,
				845440412416F5E000A79018 /* AuthenticationErrorTests.swift */,
			);
			path = BookCritTests;
			sourceTree = "<group>";
		};
		84543FFC24169C6A00A79018 /* BookCritUITests */ = {
			isa = PBXGroup;
			children = (
				84543FFD24169C6A00A79018 /* AuthenticationUITests.swift */,
				84543FFF24169C6A00A79018 /* Info.plist */,
			);
			path = BookCritUITests;
			sourceTree = "<group>";
		};
		8454400F2416A5E500A79018 /* Utilities */ = {
			isa = PBXGroup;
			children = (
				845440382416EAE600A79018 /* AppStoryboards.swift */,
				845440302416EAE600A79018 /* Extensions */,
				845440102416A5E500A79018 /* Event.swift */,
				845440112416A5E500A79018 /* ACFloatingTextField.swift */,
				845440122416A5E500A79018 /* EventBus.swift */,
			);
			path = Utilities;
			sourceTree = "<group>";
		};
		845440172416DC6C00A79018 /* Modules */ = {
			isa = PBXGroup;
			children = (
				84AC10962535EE08004BCDF2 /* Home */,
				84AC10972535EE18004BCDF2 /* Tabs */,
				845440182416DC6C00A79018 /* Auth */,
			);
			path = Modules;
			sourceTree = "<group>";
		};
		845440182416DC6C00A79018 /* Auth */ = {
			isa = PBXGroup;
			children = (
				845440192416DC6C00A79018 /* Routers */,
				8454401B2416DC6C00A79018 /* Contracts */,
				8454401D2416DC6C00A79018 /* Presenters */,
				8454401F2416DC6C00A79018 /* View */,
				845440222416DC6C00A79018 /* Controllers */,
				845440262416DC6C00A79018 /* Interactor */,
			);
			path = Auth;
			sourceTree = "<group>";
		};
		845440192416DC6C00A79018 /* Routers */ = {
			isa = PBXGroup;
			children = (
				8454401A2416DC6C00A79018 /* AuthRouter.swift */,
			);
			path = Routers;
			sourceTree = "<group>";
		};
		8454401B2416DC6C00A79018 /* Contracts */ = {
			isa = PBXGroup;
			children = (
				8454401C2416DC6C00A79018 /* AuthContract.swift */,
			);
			path = Contracts;
			sourceTree = "<group>";
		};
		8454401D2416DC6C00A79018 /* Presenters */ = {
			isa = PBXGroup;
			children = (
				8454401E2416DC6C00A79018 /* AuthPresenter.swift */,
			);
			path = Presenters;
			sourceTree = "<group>";
		};
		8454401F2416DC6C00A79018 /* View */ = {
			isa = PBXGroup;
			children = (
				845440202416DC6C00A79018 /* Auth.storyboard */,
			);
			path = View;
			sourceTree = "<group>";
		};
		845440222416DC6C00A79018 /* Controllers */ = {
			isa = PBXGroup;
			children = (
				845440232416DC6C00A79018 /* ForgotPassController.swift */,
				845440242416DC6C00A79018 /* LoginController.swift */,
				845440252416DC6C00A79018 /* RegisterController.swift */,
			);
			path = Controllers;
			sourceTree = "<group>";
		};
		845440262416DC6C00A79018 /* Interactor */ = {
			isa = PBXGroup;
			children = (
				845440272416DC6C00A79018 /* AuthInteractor.swift */,
			);
			path = Interactor;
			sourceTree = "<group>";
		};
		845440302416EAE600A79018 /* Extensions */ = {
			isa = PBXGroup;
			children = (
				845440312416EAE600A79018 /* UIDevice+Extension.swift */,
				845440322416EAE600A79018 /* StringExtensions.swift */,
				845440342416EAE600A79018 /* UIViewControllerExtensions.swift */,
				845440352416EAE600A79018 /* UIViewExtensions.swift */,
				845440362416EAE600A79018 /* UserDefaultExtensions.swift */,
				845440372416EAE600A79018 /* UIColorExtensions.swift */,
			);
			path = Extensions;
			sourceTree = "<group>";
		};
		8454404F2417048B00A79018 /* Authentication */ = {
			isa = PBXGroup;
			children = (
				845440502417049D00A79018 /* FirebaseServiceStub.swift */,
				8485B3BF241727C200BEC6FA /* LoginControllerTests.swift */,
				8462DF4B2417A1CD009258A9 /* ForgotPasswordTests.swift */,
				8485B3C12417318000BEC6FA /* RegisterControllerTests.swift */,
			);
			path = Authentication;
			sourceTree = "<group>";
		};
		84AC10962535EE08004BCDF2 /* Home */ = {
			isa = PBXGroup;
			children = (
			);
			path = Home;
			sourceTree = "<group>";
		};
		84AC10972535EE18004BCDF2 /* Tabs */ = {
			isa = PBXGroup;
			children = (
			);
			path = Tabs;
			sourceTree = "<group>";
		};
		84AC10982535EE3C004BCDF2 /* DataManager */ = {
			isa = PBXGroup;
			children = (
				84AC109C2535EFEE004BCDF2 /* APIManager */,
			);
			path = DataManager;
			sourceTree = "<group>";
		};
		84AC109C2535EFEE004BCDF2 /* APIManager */ = {
			isa = PBXGroup;
			children = (
				84AC109D2535EFFE004BCDF2 /* BaseNetworkManager.swift */,
				84AC10F92535F532004BCDF2 /* GoogleBooksRouter.swift */,
				84AC10FE2535F54E004BCDF2 /* GoogleBooksAPIManager.swift */,
			);
			path = APIManager;
			sourceTree = "<group>";
		};
		84AC11032535F5D0004BCDF2 /* Model */ = {
			isa = PBXGroup;
			children = (
				84AC11042535F5EB004BCDF2 /* RequestModels.swift */,
				84AC110C2535F5F7004BCDF2 /* ResponseModels.swift */,
			);
			path = Model;
			sourceTree = "<group>";
		};
		A2A23ED112BC937710726FBF /* Frameworks */ = {
			isa = PBXGroup;
			children = (
				6B85C4AF7D94DB016A430F19 /* Pods_BookCrit.framework */,
				3302B979EA33D04A8E8D7013 /* Pods_BookCritTests.framework */,
			);
			name = Frameworks;
			sourceTree = "<group>";
		};
/* End PBXGroup section */

/* Begin PBXNativeTarget section */
		84543FD724169C6800A79018 /* BookCrit */ = {
			isa = PBXNativeTarget;
			buildConfigurationList = 8454400224169C6A00A79018 /* Build configuration list for PBXNativeTarget "BookCrit" */;
			buildPhases = (
				D4F4C1AF8E9797B18E7BEDF6 /* [CP] Check Pods Manifest.lock */,
				84543FD424169C6800A79018 /* Sources */,
				84543FD524169C6800A79018 /* Frameworks */,
				84543FD624169C6800A79018 /* Resources */,
				7797B8E872E70E36AD226C8D /* [CP] Embed Pods Frameworks */,
				F8984C0E6EDF9AFFDFCA8CB3 /* [CP] Copy Pods Resources */,
				845440162416A70800A79018 /* Run Script */,
			);
			buildRules = (
			);
			dependencies = (
			);
			name = BookCrit;
			productName = BookCrit;
			productReference = 84543FD824169C6800A79018 /* BookCrit.app */;
			productType = "com.apple.product-type.application";
		};
		84543FED24169C6A00A79018 /* BookCritTests */ = {
			isa = PBXNativeTarget;
			buildConfigurationList = 8454400524169C6A00A79018 /* Build configuration list for PBXNativeTarget "BookCritTests" */;
			buildPhases = (
				EABA22C05891EAC1220557E9 /* [CP] Check Pods Manifest.lock */,
				84543FEA24169C6A00A79018 /* Sources */,
				84543FEB24169C6A00A79018 /* Frameworks */,
				84543FEC24169C6A00A79018 /* Resources */,
				002A1B61878964C60EA2D1E2 /* [CP] Embed Pods Frameworks */,
			);
			buildRules = (
			);
			dependencies = (
				84543FF024169C6A00A79018 /* PBXTargetDependency */,
			);
			name = BookCritTests;
			productName = BookCritTests;
			productReference = 84543FEE24169C6A00A79018 /* BookCritTests.xctest */;
			productType = "com.apple.product-type.bundle.unit-test";
		};
		84543FF824169C6A00A79018 /* BookCritUITests */ = {
			isa = PBXNativeTarget;
			buildConfigurationList = 8454400824169C6A00A79018 /* Build configuration list for PBXNativeTarget "BookCritUITests" */;
			buildPhases = (
				84543FF524169C6A00A79018 /* Sources */,
				84543FF624169C6A00A79018 /* Frameworks */,
				84543FF724169C6A00A79018 /* Resources */,
			);
			buildRules = (
			);
			dependencies = (
				84543FFB24169C6A00A79018 /* PBXTargetDependency */,
			);
			name = BookCritUITests;
			productName = BookCritUITests;
			productReference = 84543FF924169C6A00A79018 /* BookCritUITests.xctest */;
			productType = "com.apple.product-type.bundle.ui-testing";
		};
/* End PBXNativeTarget section */

/* Begin PBXProject section */
		84543FD024169C6800A79018 /* Project object */ = {
			isa = PBXProject;
			attributes = {
				LastSwiftUpdateCheck = 1130;
				LastUpgradeCheck = 1130;
				ORGANIZATIONNAME = Glivion;
				TargetAttributes = {
					84543FD724169C6800A79018 = {
						CreatedOnToolsVersion = 11.3.1;
					};
					84543FED24169C6A00A79018 = {
						CreatedOnToolsVersion = 11.3.1;
						TestTargetID = 84543FD724169C6800A79018;
					};
					84543FF824169C6A00A79018 = {
						CreatedOnToolsVersion = 11.3.1;
						TestTargetID = 84543FD724169C6800A79018;
					};
				};
			};
			buildConfigurationList = 84543FD324169C6800A79018 /* Build configuration list for PBXProject "BookCrit" */;
			compatibilityVersion = "Xcode 9.3";
			developmentRegion = en;
			hasScannedForEncodings = 0;
			knownRegions = (
				en,
				Base,
			);
			mainGroup = 84543FCF24169C6800A79018;
			productRefGroup = 84543FD924169C6800A79018 /* Products */;
			projectDirPath = "";
			projectRoot = "";
			targets = (
				84543FD724169C6800A79018 /* BookCrit */,
				84543FED24169C6A00A79018 /* BookCritTests */,
				84543FF824169C6A00A79018 /* BookCritUITests */,
			);
		};
/* End PBXProject section */

/* Begin PBXResourcesBuildPhase section */
		84543FD624169C6800A79018 /* Resources */ = {
			isa = PBXResourcesBuildPhase;
			buildActionMask = 2147483647;
			files = (
				8454402B2416DC6C00A79018 /* Auth.storyboard in Resources */,
				84543FE824169C6A00A79018 /* LaunchScreen.storyboard in Resources */,
				8454400C2416A35300A79018 /* GoogleService-Info.plist in Resources */,
				84543FE524169C6A00A79018 /* Assets.xcassets in Resources */,
				84543FE324169C6800A79018 /* Main.storyboard in Resources */,
			);
			runOnlyForDeploymentPostprocessing = 0;
		};
		84543FEC24169C6A00A79018 /* Resources */ = {
			isa = PBXResourcesBuildPhase;
			buildActionMask = 2147483647;
			files = (
			);
			runOnlyForDeploymentPostprocessing = 0;
		};
		84543FF724169C6A00A79018 /* Resources */ = {
			isa = PBXResourcesBuildPhase;
			buildActionMask = 2147483647;
			files = (
			);
			runOnlyForDeploymentPostprocessing = 0;
		};
/* End PBXResourcesBuildPhase section */

/* Begin PBXShellScriptBuildPhase section */
		002A1B61878964C60EA2D1E2 /* [CP] Embed Pods Frameworks */ = {
			isa = PBXShellScriptBuildPhase;
			buildActionMask = 2147483647;
			files = (
			);
			inputFileListPaths = (
				"${PODS_ROOT}/Target Support Files/Pods-BookCritTests/Pods-BookCritTests-frameworks-${CONFIGURATION}-input-files.xcfilelist",
			);
			name = "[CP] Embed Pods Frameworks";
			outputFileListPaths = (
				"${PODS_ROOT}/Target Support Files/Pods-BookCritTests/Pods-BookCritTests-frameworks-${CONFIGURATION}-output-files.xcfilelist",
			);
			runOnlyForDeploymentPostprocessing = 0;
			shellPath = /bin/sh;
			shellScript = "\"${PODS_ROOT}/Target Support Files/Pods-BookCritTests/Pods-BookCritTests-frameworks.sh\"\n";
			showEnvVarsInLog = 0;
		};
		7797B8E872E70E36AD226C8D /* [CP] Embed Pods Frameworks */ = {
			isa = PBXShellScriptBuildPhase;
			buildActionMask = 2147483647;
			files = (
			);
			inputFileListPaths = (
				"${PODS_ROOT}/Target Support Files/Pods-BookCrit/Pods-BookCrit-frameworks-${CONFIGURATION}-input-files.xcfilelist",
			);
			name = "[CP] Embed Pods Frameworks";
			outputFileListPaths = (
				"${PODS_ROOT}/Target Support Files/Pods-BookCrit/Pods-BookCrit-frameworks-${CONFIGURATION}-output-files.xcfilelist",
			);
			runOnlyForDeploymentPostprocessing = 0;
			shellPath = /bin/sh;
			shellScript = "\"${PODS_ROOT}/Target Support Files/Pods-BookCrit/Pods-BookCrit-frameworks.sh\"\n";
			showEnvVarsInLog = 0;
		};
		845440162416A70800A79018 /* Run Script */ = {
			isa = PBXShellScriptBuildPhase;
			buildActionMask = 2147483647;
			files = (
			);
			inputFileListPaths = (
			);
			inputPaths = (
			);
			name = "Run Script";
			outputFileListPaths = (
			);
			outputPaths = (
			);
			runOnlyForDeploymentPostprocessing = 0;
			shellPath = /bin/sh;
			shellScript = "# Type a script or drag a script file from your workspace to insert its path.\n\"${PODS_ROOT}/SwiftLint/swiftlint\"\n";
		};
		D4F4C1AF8E9797B18E7BEDF6 /* [CP] Check Pods Manifest.lock */ = {
			isa = PBXShellScriptBuildPhase;
			buildActionMask = 2147483647;
			files = (
			);
			inputFileListPaths = (
			);
			inputPaths = (
				"${PODS_PODFILE_DIR_PATH}/Podfile.lock",
				"${PODS_ROOT}/Manifest.lock",
			);
			name = "[CP] Check Pods Manifest.lock";
			outputFileListPaths = (
			);
			outputPaths = (
				"$(DERIVED_FILE_DIR)/Pods-BookCrit-checkManifestLockResult.txt",
			);
			runOnlyForDeploymentPostprocessing = 0;
			shellPath = /bin/sh;
			shellScript = "diff \"${PODS_PODFILE_DIR_PATH}/Podfile.lock\" \"${PODS_ROOT}/Manifest.lock\" > /dev/null\nif [ $? != 0 ] ; then\n    # print error to STDERR\n    echo \"error: The sandbox is not in sync with the Podfile.lock. Run 'pod install' or update your CocoaPods installation.\" >&2\n    exit 1\nfi\n# This output is used by Xcode 'outputs' to avoid re-running this script phase.\necho \"SUCCESS\" > \"${SCRIPT_OUTPUT_FILE_0}\"\n";
			showEnvVarsInLog = 0;
		};
		EABA22C05891EAC1220557E9 /* [CP] Check Pods Manifest.lock */ = {
			isa = PBXShellScriptBuildPhase;
			buildActionMask = 2147483647;
			files = (
			);
			inputFileListPaths = (
			);
			inputPaths = (
				"${PODS_PODFILE_DIR_PATH}/Podfile.lock",
				"${PODS_ROOT}/Manifest.lock",
			);
			name = "[CP] Check Pods Manifest.lock";
			outputFileListPaths = (
			);
			outputPaths = (
				"$(DERIVED_FILE_DIR)/Pods-BookCritTests-checkManifestLockResult.txt",
			);
			runOnlyForDeploymentPostprocessing = 0;
			shellPath = /bin/sh;
			shellScript = "diff \"${PODS_PODFILE_DIR_PATH}/Podfile.lock\" \"${PODS_ROOT}/Manifest.lock\" > /dev/null\nif [ $? != 0 ] ; then\n    # print error to STDERR\n    echo \"error: The sandbox is not in sync with the Podfile.lock. Run 'pod install' or update your CocoaPods installation.\" >&2\n    exit 1\nfi\n# This output is used by Xcode 'outputs' to avoid re-running this script phase.\necho \"SUCCESS\" > \"${SCRIPT_OUTPUT_FILE_0}\"\n";
			showEnvVarsInLog = 0;
		};
		F8984C0E6EDF9AFFDFCA8CB3 /* [CP] Copy Pods Resources */ = {
			isa = PBXShellScriptBuildPhase;
			buildActionMask = 2147483647;
			files = (
			);
			inputFileListPaths = (
				"${PODS_ROOT}/Target Support Files/Pods-BookCrit/Pods-BookCrit-resources-${CONFIGURATION}-input-files.xcfilelist",
			);
			name = "[CP] Copy Pods Resources";
			outputFileListPaths = (
				"${PODS_ROOT}/Target Support Files/Pods-BookCrit/Pods-BookCrit-resources-${CONFIGURATION}-output-files.xcfilelist",
			);
			runOnlyForDeploymentPostprocessing = 0;
			shellPath = /bin/sh;
			shellScript = "\"${PODS_ROOT}/Target Support Files/Pods-BookCrit/Pods-BookCrit-resources.sh\"\n";
			showEnvVarsInLog = 0;
		};
/* End PBXShellScriptBuildPhase section */

/* Begin PBXSourcesBuildPhase section */
		84543FD424169C6800A79018 /* Sources */ = {
			isa = PBXSourcesBuildPhase;
			buildActionMask = 2147483647;
			files = (
				8454402D2416DC6C00A79018 /* LoginController.swift in Sources */,
				8454403C2416EAE600A79018 /* UIViewControllerExtensions.swift in Sources */,
				845440392416EAE600A79018 /* UIDevice+Extension.swift in Sources */,
				845440282416DC6C00A79018 /* AuthRouter.swift in Sources */,
				84AC10FA2535F532004BCDF2 /* GoogleBooksRouter.swift in Sources */,
				84AC109E2535EFFE004BCDF2 /* BaseNetworkManager.swift in Sources */,
				8454404C2416FC0000A79018 /* FirebaseService.swift in Sources */,
				8454402C2416DC6C00A79018 /* ForgotPassController.swift in Sources */,
				845440132416A5E500A79018 /* Event.swift in Sources */,
				84AC110D2535F5F7004BCDF2 /* ResponseModels.swift in Sources */,
				845440152416A5E500A79018 /* EventBus.swift in Sources */,
				8454402F2416DC6C00A79018 /* AuthInteractor.swift in Sources */,
				845440142416A5E500A79018 /* ACFloatingTextField.swift in Sources */,
				8454402A2416DC6C00A79018 /* AuthPresenter.swift in Sources */,
				8454402E2416DC6C00A79018 /* RegisterController.swift in Sources */,
				8454403E2416EAE600A79018 /* UserDefaultExtensions.swift in Sources */,
				845440292416DC6C00A79018 /* AuthContract.swift in Sources */,
				84AC10FF2535F54E004BCDF2 /* GoogleBooksAPIManager.swift in Sources */,
				8454403A2416EAE600A79018 /* StringExtensions.swift in Sources */,
				84543FDC24169C6800A79018 /* AppDelegate.swift in Sources */,
				84AC11052535F5EB004BCDF2 /* RequestModels.swift in Sources */,
				8454403D2416EAE600A79018 /* UIViewExtensions.swift in Sources */,
				84543FDE24169C6800A79018 /* SceneDelegate.swift in Sources */,
				8454403F2416EAE600A79018 /* UIColorExtensions.swift in Sources */,
				845440402416EAE600A79018 /* AppStoryboards.swift in Sources */,
			);
			runOnlyForDeploymentPostprocessing = 0;
		};
		84543FEA24169C6A00A79018 /* Sources */ = {
			isa = PBXSourcesBuildPhase;
			buildActionMask = 2147483647;
			files = (
				8485B3C22417318000BEC6FA /* RegisterControllerTests.swift in Sources */,
				8462DF4C2417A1CD009258A9 /* ForgotPasswordTests.swift in Sources */,
				845440422416F5E000A79018 /* AuthenticationErrorTests.swift in Sources */,
				845440512417049D00A79018 /* FirebaseServiceStub.swift in Sources */,
				8485B3C0241727C200BEC6FA /* LoginControllerTests.swift in Sources */,
			);
			runOnlyForDeploymentPostprocessing = 0;
		};
		84543FF524169C6A00A79018 /* Sources */ = {
			isa = PBXSourcesBuildPhase;
			buildActionMask = 2147483647;
			files = (
				84543FFE24169C6A00A79018 /* AuthenticationUITests.swift in Sources */,
			);
			runOnlyForDeploymentPostprocessing = 0;
		};
/* End PBXSourcesBuildPhase section */

/* Begin PBXTargetDependency section */
		84543FF024169C6A00A79018 /* PBXTargetDependency */ = {
			isa = PBXTargetDependency;
			target = 84543FD724169C6800A79018 /* BookCrit */;
			targetProxy = 84543FEF24169C6A00A79018 /* PBXContainerItemProxy */;
		};
		84543FFB24169C6A00A79018 /* PBXTargetDependency */ = {
			isa = PBXTargetDependency;
			target = 84543FD724169C6800A79018 /* BookCrit */;
			targetProxy = 84543FFA24169C6A00A79018 /* PBXContainerItemProxy */;
		};
/* End PBXTargetDependency section */

/* Begin PBXVariantGroup section */
		84543FE124169C6800A79018 /* Main.storyboard */ = {
			isa = PBXVariantGroup;
			children = (
				84543FE224169C6800A79018 /* Base */,
			);
			name = Main.storyboard;
			sourceTree = "<group>";
		};
		84543FE624169C6A00A79018 /* LaunchScreen.storyboard */ = {
			isa = PBXVariantGroup;
			children = (
				84543FE724169C6A00A79018 /* Base */,
			);
			name = LaunchScreen.storyboard;
			sourceTree = "<group>";
		};
		845440202416DC6C00A79018 /* Auth.storyboard */ = {
			isa = PBXVariantGroup;
			children = (
				845440212416DC6C00A79018 /* Base */,
			);
			name = Auth.storyboard;
			sourceTree = "<group>";
		};
/* End PBXVariantGroup section */

/* Begin XCBuildConfiguration section */
		8454400024169C6A00A79018 /* Debug */ = {
			isa = XCBuildConfiguration;
			buildSettings = {
				ALWAYS_SEARCH_USER_PATHS = NO;
				CLANG_ANALYZER_NONNULL = YES;
				CLANG_ANALYZER_NUMBER_OBJECT_CONVERSION = YES_AGGRESSIVE;
				CLANG_CXX_LANGUAGE_STANDARD = "gnu++14";
				CLANG_CXX_LIBRARY = "libc++";
				CLANG_ENABLE_MODULES = YES;
				CLANG_ENABLE_OBJC_ARC = YES;
				CLANG_ENABLE_OBJC_WEAK = YES;
				CLANG_WARN_BLOCK_CAPTURE_AUTORELEASING = YES;
				CLANG_WARN_BOOL_CONVERSION = YES;
				CLANG_WARN_COMMA = YES;
				CLANG_WARN_CONSTANT_CONVERSION = YES;
				CLANG_WARN_DEPRECATED_OBJC_IMPLEMENTATIONS = YES;
				CLANG_WARN_DIRECT_OBJC_ISA_USAGE = YES_ERROR;
				CLANG_WARN_DOCUMENTATION_COMMENTS = YES;
				CLANG_WARN_EMPTY_BODY = YES;
				CLANG_WARN_ENUM_CONVERSION = YES;
				CLANG_WARN_INFINITE_RECURSION = YES;
				CLANG_WARN_INT_CONVERSION = YES;
				CLANG_WARN_NON_LITERAL_NULL_CONVERSION = YES;
				CLANG_WARN_OBJC_IMPLICIT_RETAIN_SELF = YES;
				CLANG_WARN_OBJC_LITERAL_CONVERSION = YES;
				CLANG_WARN_OBJC_ROOT_CLASS = YES_ERROR;
				CLANG_WARN_RANGE_LOOP_ANALYSIS = YES;
				CLANG_WARN_STRICT_PROTOTYPES = YES;
				CLANG_WARN_SUSPICIOUS_MOVE = YES;
				CLANG_WARN_UNGUARDED_AVAILABILITY = YES_AGGRESSIVE;
				CLANG_WARN_UNREACHABLE_CODE = YES;
				CLANG_WARN__DUPLICATE_METHOD_MATCH = YES;
				COPY_PHASE_STRIP = NO;
				DEBUG_INFORMATION_FORMAT = dwarf;
				ENABLE_STRICT_OBJC_MSGSEND = YES;
				ENABLE_TESTABILITY = YES;
				GCC_C_LANGUAGE_STANDARD = gnu11;
				GCC_DYNAMIC_NO_PIC = NO;
				GCC_NO_COMMON_BLOCKS = YES;
				GCC_OPTIMIZATION_LEVEL = 0;
				GCC_PREPROCESSOR_DEFINITIONS = (
					"DEBUG=1",
					"$(inherited)",
				);
				GCC_WARN_64_TO_32_BIT_CONVERSION = YES;
				GCC_WARN_ABOUT_RETURN_TYPE = YES_ERROR;
				GCC_WARN_UNDECLARED_SELECTOR = YES;
				GCC_WARN_UNINITIALIZED_AUTOS = YES_AGGRESSIVE;
				GCC_WARN_UNUSED_FUNCTION = YES;
				GCC_WARN_UNUSED_VARIABLE = YES;
				IPHONEOS_DEPLOYMENT_TARGET = 13.2;
				MTL_ENABLE_DEBUG_INFO = INCLUDE_SOURCE;
				MTL_FAST_MATH = YES;
				ONLY_ACTIVE_ARCH = YES;
				SDKROOT = iphoneos;
				SWIFT_ACTIVE_COMPILATION_CONDITIONS = DEBUG;
				SWIFT_OPTIMIZATION_LEVEL = "-Onone";
			};
			name = Debug;
		};
		8454400124169C6A00A79018 /* Release */ = {
			isa = XCBuildConfiguration;
			buildSettings = {
				ALWAYS_SEARCH_USER_PATHS = NO;
				CLANG_ANALYZER_NONNULL = YES;
				CLANG_ANALYZER_NUMBER_OBJECT_CONVERSION = YES_AGGRESSIVE;
				CLANG_CXX_LANGUAGE_STANDARD = "gnu++14";
				CLANG_CXX_LIBRARY = "libc++";
				CLANG_ENABLE_MODULES = YES;
				CLANG_ENABLE_OBJC_ARC = YES;
				CLANG_ENABLE_OBJC_WEAK = YES;
				CLANG_WARN_BLOCK_CAPTURE_AUTORELEASING = YES;
				CLANG_WARN_BOOL_CONVERSION = YES;
				CLANG_WARN_COMMA = YES;
				CLANG_WARN_CONSTANT_CONVERSION = YES;
				CLANG_WARN_DEPRECATED_OBJC_IMPLEMENTATIONS = YES;
				CLANG_WARN_DIRECT_OBJC_ISA_USAGE = YES_ERROR;
				CLANG_WARN_DOCUMENTATION_COMMENTS = YES;
				CLANG_WARN_EMPTY_BODY = YES;
				CLANG_WARN_ENUM_CONVERSION = YES;
				CLANG_WARN_INFINITE_RECURSION = YES;
				CLANG_WARN_INT_CONVERSION = YES;
				CLANG_WARN_NON_LITERAL_NULL_CONVERSION = YES;
				CLANG_WARN_OBJC_IMPLICIT_RETAIN_SELF = YES;
				CLANG_WARN_OBJC_LITERAL_CONVERSION = YES;
				CLANG_WARN_OBJC_ROOT_CLASS = YES_ERROR;
				CLANG_WARN_RANGE_LOOP_ANALYSIS = YES;
				CLANG_WARN_STRICT_PROTOTYPES = YES;
				CLANG_WARN_SUSPICIOUS_MOVE = YES;
				CLANG_WARN_UNGUARDED_AVAILABILITY = YES_AGGRESSIVE;
				CLANG_WARN_UNREACHABLE_CODE = YES;
				CLANG_WARN__DUPLICATE_METHOD_MATCH = YES;
				COPY_PHASE_STRIP = NO;
				DEBUG_INFORMATION_FORMAT = "dwarf-with-dsym";
				ENABLE_NS_ASSERTIONS = NO;
				ENABLE_STRICT_OBJC_MSGSEND = YES;
				GCC_C_LANGUAGE_STANDARD = gnu11;
				GCC_NO_COMMON_BLOCKS = YES;
				GCC_WARN_64_TO_32_BIT_CONVERSION = YES;
				GCC_WARN_ABOUT_RETURN_TYPE = YES_ERROR;
				GCC_WARN_UNDECLARED_SELECTOR = YES;
				GCC_WARN_UNINITIALIZED_AUTOS = YES_AGGRESSIVE;
				GCC_WARN_UNUSED_FUNCTION = YES;
				GCC_WARN_UNUSED_VARIABLE = YES;
				IPHONEOS_DEPLOYMENT_TARGET = 13.2;
				MTL_ENABLE_DEBUG_INFO = NO;
				MTL_FAST_MATH = YES;
				SDKROOT = iphoneos;
				SWIFT_COMPILATION_MODE = wholemodule;
				SWIFT_OPTIMIZATION_LEVEL = "-O";
				VALIDATE_PRODUCT = YES;
			};
			name = Release;
		};
		8454400324169C6A00A79018 /* Debug */ = {
			isa = XCBuildConfiguration;
			baseConfigurationReference = F84AFA977D1BC8AC1A29BA84 /* Pods-BookCrit.debug.xcconfig */;
			buildSettings = {
				ASSETCATALOG_COMPILER_APPICON_NAME = AppIcon;
				CODE_SIGN_ENTITLEMENTS = BookCrit/BookCrit.entitlements;
				CODE_SIGN_STYLE = Automatic;
				DEFINES_MODULE = YES;
				DEVELOPMENT_TEAM = 97XB8J435J;
				INFOPLIST_FILE = BookCrit/Info.plist;
				LD_RUNPATH_SEARCH_PATHS = (
					"$(inherited)",
					"@executable_path/Frameworks",
				);
				PRODUCT_BUNDLE_IDENTIFIER = glivion.BookCrit;
				PRODUCT_NAME = "$(TARGET_NAME)";
				SWIFT_VERSION = 5.0;
				TARGETED_DEVICE_FAMILY = "1,2";
			};
			name = Debug;
		};
		8454400424169C6A00A79018 /* Release */ = {
			isa = XCBuildConfiguration;
			baseConfigurationReference = 1C60ABEF6AFCCB3ABF397286 /* Pods-BookCrit.release.xcconfig */;
			buildSettings = {
				ASSETCATALOG_COMPILER_APPICON_NAME = AppIcon;
				CODE_SIGN_ENTITLEMENTS = BookCrit/BookCrit.entitlements;
				CODE_SIGN_STYLE = Automatic;
				DEFINES_MODULE = YES;
				DEVELOPMENT_TEAM = 97XB8J435J;
				INFOPLIST_FILE = BookCrit/Info.plist;
				LD_RUNPATH_SEARCH_PATHS = (
					"$(inherited)",
					"@executable_path/Frameworks",
				);
				PRODUCT_BUNDLE_IDENTIFIER = glivion.BookCrit;
				PRODUCT_NAME = "$(TARGET_NAME)";
				SWIFT_VERSION = 5.0;
				TARGETED_DEVICE_FAMILY = "1,2";
			};
			name = Release;
		};
		8454400624169C6A00A79018 /* Debug */ = {
			isa = XCBuildConfiguration;
			baseConfigurationReference = 282DCAF81E88E355595049BE /* Pods-BookCritTests.debug.xcconfig */;
			buildSettings = {
				ALWAYS_EMBED_SWIFT_STANDARD_LIBRARIES = YES;
				BUNDLE_LOADER = "$(TEST_HOST)";
				CODE_SIGN_STYLE = Automatic;
				DEVELOPMENT_TEAM = 97XB8J435J;
				INFOPLIST_FILE = BookCritTests/Info.plist;
				IPHONEOS_DEPLOYMENT_TARGET = 13.2;
				LD_RUNPATH_SEARCH_PATHS = (
					"$(inherited)",
					"@executable_path/Frameworks",
					"@loader_path/Frameworks",
				);
				PRODUCT_BUNDLE_IDENTIFIER = glivion.BookCritTests;
				PRODUCT_NAME = "$(TARGET_NAME)";
				SWIFT_VERSION = 5.0;
				TARGETED_DEVICE_FAMILY = "1,2";
				TEST_HOST = "$(BUILT_PRODUCTS_DIR)/BookCrit.app/BookCrit";
			};
			name = Debug;
		};
		8454400724169C6A00A79018 /* Release */ = {
			isa = XCBuildConfiguration;
			baseConfigurationReference = 184BDD79D9A1A0BACD135A0B /* Pods-BookCritTests.release.xcconfig */;
			buildSettings = {
				ALWAYS_EMBED_SWIFT_STANDARD_LIBRARIES = YES;
				BUNDLE_LOADER = "$(TEST_HOST)";
				CODE_SIGN_STYLE = Automatic;
				DEVELOPMENT_TEAM = 97XB8J435J;
				INFOPLIST_FILE = BookCritTests/Info.plist;
				IPHONEOS_DEPLOYMENT_TARGET = 13.2;
				LD_RUNPATH_SEARCH_PATHS = (
					"$(inherited)",
					"@executable_path/Frameworks",
					"@loader_path/Frameworks",
				);
				PRODUCT_BUNDLE_IDENTIFIER = glivion.BookCritTests;
				PRODUCT_NAME = "$(TARGET_NAME)";
				SWIFT_VERSION = 5.0;
				TARGETED_DEVICE_FAMILY = "1,2";
				TEST_HOST = "$(BUILT_PRODUCTS_DIR)/BookCrit.app/BookCrit";
			};
			name = Release;
		};
		8454400924169C6A00A79018 /* Debug */ = {
			isa = XCBuildConfiguration;
			buildSettings = {
				ALWAYS_EMBED_SWIFT_STANDARD_LIBRARIES = YES;
				CODE_SIGN_STYLE = Automatic;
				DEVELOPMENT_TEAM = 97XB8J435J;
				INFOPLIST_FILE = BookCritUITests/Info.plist;
				LD_RUNPATH_SEARCH_PATHS = (
					"$(inherited)",
					"@executable_path/Frameworks",
					"@loader_path/Frameworks",
				);
				PRODUCT_BUNDLE_IDENTIFIER = glivion.BookCritUITests;
				PRODUCT_NAME = "$(TARGET_NAME)";
				SWIFT_VERSION = 5.0;
				TARGETED_DEVICE_FAMILY = "1,2";
				TEST_TARGET_NAME = BookCrit;
			};
			name = Debug;
		};
		8454400A24169C6A00A79018 /* Release */ = {
			isa = XCBuildConfiguration;
			buildSettings = {
				ALWAYS_EMBED_SWIFT_STANDARD_LIBRARIES = YES;
				CODE_SIGN_STYLE = Automatic;
				DEVELOPMENT_TEAM = 97XB8J435J;
				INFOPLIST_FILE = BookCritUITests/Info.plist;
				LD_RUNPATH_SEARCH_PATHS = (
					"$(inherited)",
					"@executable_path/Frameworks",
					"@loader_path/Frameworks",
				);
				PRODUCT_BUNDLE_IDENTIFIER = glivion.BookCritUITests;
				PRODUCT_NAME = "$(TARGET_NAME)";
				SWIFT_VERSION = 5.0;
				TARGETED_DEVICE_FAMILY = "1,2";
				TEST_TARGET_NAME = BookCrit;
			};
			name = Release;
		};
/* End XCBuildConfiguration section */

/* Begin XCConfigurationList section */
		84543FD324169C6800A79018 /* Build configuration list for PBXProject "BookCrit" */ = {
			isa = XCConfigurationList;
			buildConfigurations = (
				8454400024169C6A00A79018 /* Debug */,
				8454400124169C6A00A79018 /* Release */,
			);
			defaultConfigurationIsVisible = 0;
			defaultConfigurationName = Release;
		};
		8454400224169C6A00A79018 /* Build configuration list for PBXNativeTarget "BookCrit" */ = {
			isa = XCConfigurationList;
			buildConfigurations = (
				8454400324169C6A00A79018 /* Debug */,
				8454400424169C6A00A79018 /* Release */,
			);
			defaultConfigurationIsVisible = 0;
			defaultConfigurationName = Release;
		};
		8454400524169C6A00A79018 /* Build configuration list for PBXNativeTarget "BookCritTests" */ = {
			isa = XCConfigurationList;
			buildConfigurations = (
				8454400624169C6A00A79018 /* Debug */,
				8454400724169C6A00A79018 /* Release */,
			);
			defaultConfigurationIsVisible = 0;
			defaultConfigurationName = Release;
		};
		8454400824169C6A00A79018 /* Build configuration list for PBXNativeTarget "BookCritUITests" */ = {
			isa = XCConfigurationList;
			buildConfigurations = (
				8454400924169C6A00A79018 /* Debug */,
				8454400A24169C6A00A79018 /* Release */,
			);
			defaultConfigurationIsVisible = 0;
			defaultConfigurationName = Release;
		};
/* End XCConfigurationList section */
	};
	rootObject = 84543FD024169C6800A79018 /* Project object */;
}
